
Microsoft Visual Studio Solution File, Format Version 12.00
Project("{FAE04EC0-301F-11D3-BF4B-00C04F79EFBC}") = "NorthwindWithMVVM", "NorthwindWithMVVM\NorthwindWithMVVM.csproj", "{BE2381CA-440B-43E4-A256-69D955826A93}"
EndProject
Project("{FAE04EC0-301F-11D3-BF4B-00C04F79EFBC}") = "MvvmTools", "MvvmTools\MvvmTools.csproj", "{D64F1F36-AFF0-4B35-B55C-DD410E0D38E0}"
EndProject
Project("{FAE04EC0-301F-11D3-BF4B-00C04F79EFBC}") = "NorthwindDB", "NorthwindDB\NorthwindDB.csproj", "{00711722-3364-4B46-BA4B-012EFF9E32A2}"
EndProject
Global
	GlobalSection(SolutionConfigurationPlatforms) = preSolution
		Debug|Any CPU = Debug|Any CPU
		Release|Any CPU = Release|Any CPU
	EndGlobalSection
	GlobalSection(ProjectConfigurationPlatforms) = postSolution
		{BE2381CA-440B-43E4-A256-69D955826A93}.Debug|Any CPU.ActiveCfg = Debug|Any CPU
		{BE2381CA-440B-43E4-A256-69D955826A93}.Debug|Any CPU.Build.0 = Debug|Any CPU
		{BE2381CA-440B-43E4-A256-69D955826A93}.Release|Any CPU.ActiveCfg = Release|Any CPU
		{BE2381CA-440B-43E4-A256-69D955826A93}.Release|Any CPU.Build.0 = Release|Any CPU
		{D64F1F36-AFF0-4B35-B55C-DD410E0D38E0}.Debug|Any CPU.ActiveCfg = Debug|Any CPU
		{D64F1F36-AFF0-4B35-B55C-DD410E0D38E0}.Debug|Any CPU.Build.0 = Debug|Any CPU
		{D64F1F36-AFF0-4B35-B55C-DD410E0D38E0}.Release|Any CPU.ActiveCfg = Release|Any CPU
		{D64F1F36-AFF0-4B35-B55C-DD410E0D38E0}.Release|Any CPU.Build.0 = Release|Any CPU
		{00711722-3364-4B46-BA4B-012EFF9E32A2}.Debug|Any CPU.ActiveCfg = Debug|Any CPU
		{00711722-3364-4B46-BA4B-012EFF9E32A2}.Debug|Any CPU.Build.0 = Debug|Any CPU
		{00711722-3364-4B46-BA4B-012EFF9E32A2}.Release|Any CPU.ActiveCfg = Release|Any CPU
		{00711722-3364-4B46-BA4B-012EFF9E32A2}.Release|Any CPU.Build.0 = Release|Any CPU
	EndGlobalSection
EndGlobal
